
Microsoft Visual Studio Solution File, Format Version 12.00
# Visual Studio Version 16
VisualStudioVersion = 16.0.30317.65
MinimumVisualStudioVersion = 10.0.40219.1
Project("{9A19103F-16F7-4668-BE54-9A1E7A4F7556}") = "BlazorComponents1", "BlazorComponents1\BlazorComponents1.csproj", "{FCC79C27-4385-4CA0-BB81-DE2E38792342}"
EndProject
Global
	GlobalSection(SolutionConfigurationPlatforms) = preSolution
		Debug|Any CPU = Debug|Any CPU
		Release|Any CPU = Release|Any CPU
	EndGlobalSection
	GlobalSection(ProjectConfigurationPlatforms) = postSolution
		{FCC79C27-4385-4CA0-BB81-DE2E38792342}.Debug|Any CPU.ActiveCfg = Debug|Any CPU
		{FCC79C27-4385-4CA0-BB81-DE2E38792342}.Debug|Any CPU.Build.0 = Debug|Any CPU
		{FCC79C27-4385-4CA0-BB81-DE2E38792342}.Release|Any CPU.ActiveCfg = Release|Any CPU
		{FCC79C27-4385-4CA0-BB81-DE2E38792342}.Release|Any CPU.Build.0 = Release|Any CPU
	EndGlobalSection
	GlobalSection(SolutionProperties) = preSolution
		HideSolutionNode = FALSE
	EndGlobalSection
	GlobalSection(ExtensibilityGlobals) = postSolution
		SolutionGuid = {2061F588-D921-4201-B80B-03642AB163C1}
	EndGlobalSection
EndGlobal
